{
  "name": "waterfall",
  "lockfileVersion": 2,
  "requires": true,
  "packages": {
    "": {
      "dependencies": {
        "mina-lazy-image": "^2.0.1"
      }
    },
    "node_modules/mina-lazy-image": {
      "version": "2.0.1",
      "resolved": "https://registry.npmmirror.com/mina-lazy-image/-/mina-lazy-image-2.0.1.tgz",
      "integrity": "sha512-T7gZL9kpxiT8/9U1W+OvO2DdSKyCpzrtwk21Zf2b+whpZ+upUvTcJMN/SF2oSza+AfNL9LN/NJh/DPvOuteyBQ=="
    }
  },
  "dependencies": {
    "mina-lazy-image": {
      "version": "2.0.1",
      "resolved": "https://registry.npmmirror.com/mina-lazy-image/-/mina-lazy-image-2.0.1.tgz",
      "integrity": "sha512-T7gZL9kpxiT8/9U1W+OvO2DdSKyCpzrtwk21Zf2b+whpZ+upUvTcJMN/SF2oSza+AfNL9LN/NJh/DPvOuteyBQ=="
    }
  }
}
